{
  "nodes": {
    "home-manager": {
      "inputs": {
        "nixpkgs": [
          "nixos"
        ]
      },
      "locked": {
        "lastModified": 1726989464,
        "narHash": "sha256-Vl+WVTJwutXkimwGprnEtXc/s/s8sMuXzqXaspIGlwM=",
        "owner": "nix-community",
        "repo": "home-manager",
        "rev": "2f23fa308a7c067e52dfcc30a0758f47043ec176",
        "type": "github"
      },
      "original": {
        "owner": "nix-community",
        "ref": "release-24.05",
        "repo": "home-manager",
        "type": "github"
      }
    },
    "neovim-config": {
      "flake": false,
      "locked": {
        "lastModified": 1730128111,
        "narHash": "sha256-8F1WOnsHUl/BdpZ9KPZIEIYazuBrm8itwlQzOzFr0ZA=",
        "owner": "redhawk18",
        "repo": "neovim-config",
        "rev": "8d9149070399d4fd1540960776977de95689bed0",
        "type": "github"
      },
      "original": {
        "owner": "redhawk18",
        "repo": "neovim-config",
        "type": "github"
      }
    },
    "nixos": {
      "locked": {
        "lastModified": 1729973466,
        "narHash": "sha256-knnVBGfTCZlQgxY1SgH0vn2OyehH9ykfF8geZgS95bk=",
        "owner": "nixos",
        "repo": "nixpkgs",
        "rev": "cd3e8833d70618c4eea8df06f95b364b016d4950",
        "type": "github"
      },
      "original": {
        "owner": "nixos",
        "ref": "nixos-24.05",
        "repo": "nixpkgs",
        "type": "github"
      }
    },
    "nixos-unstable": {
      "locked": {
        "lastModified": 1729880355,
        "narHash": "sha256-RP+OQ6koQQLX5nw0NmcDrzvGL8HDLnyXt/jHhL1jwjM=",
        "owner": "nixos",
        "repo": "nixpkgs",
        "rev": "18536bf04cd71abd345f9579158841376fdd0c5a",
        "type": "github"
      },
      "original": {
        "owner": "nixos",
        "ref": "nixos-unstable",
        "repo": "nixpkgs",
        "type": "github"
      }
    },
    "nixpkgs": {
      "locked": {
        "lastModified": 0,
        "narHash": "sha256-LDiPhQ3l+fBjRATNtnuDZsBS7hqoBtPkKBkhpoBHv3I=",
        "path": "/nix/store/z7j461v8da67nwrad4xz50dx2l5wk0wz-source",
        "type": "path"
      },
      "original": {
        "id": "nixpkgs",
        "type": "indirect"
      }
    },
    "root": {
      "inputs": {
        "home-manager": "home-manager",
        "neovim-config": "neovim-config",
        "nixos": "nixos",
        "nixos-unstable": "nixos-unstable",
        "nixpkgs": "nixpkgs",
        "ryujinx": "ryujinx"
      }
    },
    "ryujinx": {
      "flake": false,
      "locked": {
        "lastModified": 1729786606,
        "narHash": "sha256-nGX4oWbuJhVf54PrvMuX/AB+AxKSlm3Drs1RP3wIqYQ=",
        "owner": "ryujinx-mirror",
        "repo": "ryujinx",
        "rev": "fec4f4ada9f28f897457033f9954c84cc15d0b02",
        "type": "github"
      },
      "original": {
        "owner": "ryujinx-mirror",
        "repo": "ryujinx",
        "type": "github"
      }
    }
  },
  "root": "root",
  "version": 7
}
